
Microsoft Visual Studio Solution File, Format Version 12.00
# Visual Studio Version 17
VisualStudioVersion = 17.14.36616.10 d17.14
MinimumVisualStudioVersion = 10.0.40219.1
Project("{FAE04EC0-301F-11D3-BF4B-00C04F79EFBC}") = "CapaPresentacion", "CapaPresentacion\CapaPresentacion.csproj", "{1ED1D2F4-9279-46A6-BA2A-7863DFCEF525}"
EndProject
Project("{FAE04EC0-301F-11D3-BF4B-00C04F79EFBC}") = "CapaEntidades", "CapaEntidades\CapaEntidades.csproj", "{E864AAE4-DEAA-495A-8C44-21FF67368CA9}"
EndProject
Project("{FAE04EC0-301F-11D3-BF4B-00C04F79EFBC}") = "CapaDatos", "CapaDatos\CapaDatos.csproj", "{FEDE95A6-88D0-4356-9ABE-5C95E995D317}"
EndProject
Project("{FAE04EC0-301F-11D3-BF4B-00C04F79EFBC}") = "CapaNegocio", "CapaNegocio\CapaNegocio.csproj", "{620A9B59-4B2F-4825-9584-7469E7D495DE}"
EndProject
Global
	GlobalSection(SolutionConfigurationPlatforms) = preSolution
		Debug|Any CPU = Debug|Any CPU
		Release|Any CPU = Release|Any CPU
	EndGlobalSection
	GlobalSection(ProjectConfigurationPlatforms) = postSolution
		{1ED1D2F4-9279-46A6-BA2A-7863DFCEF525}.Debug|Any CPU.ActiveCfg = Debug|Any CPU
		{1ED1D2F4-9279-46A6-BA2A-7863DFCEF525}.Debug|Any CPU.Build.0 = Debug|Any CPU
		{1ED1D2F4-9279-46A6-BA2A-7863DFCEF525}.Release|Any CPU.ActiveCfg = Release|Any CPU
		{1ED1D2F4-9279-46A6-BA2A-7863DFCEF525}.Release|Any CPU.Build.0 = Release|Any CPU
		{E864AAE4-DEAA-495A-8C44-21FF67368CA9}.Debug|Any CPU.ActiveCfg = Debug|Any CPU
		{E864AAE4-DEAA-495A-8C44-21FF67368CA9}.Debug|Any CPU.Build.0 = Debug|Any CPU
		{E864AAE4-DEAA-495A-8C44-21FF67368CA9}.Release|Any CPU.ActiveCfg = Release|Any CPU
		{E864AAE4-DEAA-495A-8C44-21FF67368CA9}.Release|Any CPU.Build.0 = Release|Any CPU
		{FEDE95A6-88D0-4356-9ABE-5C95E995D317}.Debug|Any CPU.ActiveCfg = Debug|Any CPU
		{FEDE95A6-88D0-4356-9ABE-5C95E995D317}.Debug|Any CPU.Build.0 = Debug|Any CPU
		{FEDE95A6-88D0-4356-9ABE-5C95E995D317}.Release|Any CPU.ActiveCfg = Release|Any CPU
		{FEDE95A6-88D0-4356-9ABE-5C95E995D317}.Release|Any CPU.Build.0 = Release|Any CPU
		{620A9B59-4B2F-4825-9584-7469E7D495DE}.Debug|Any CPU.ActiveCfg = Debug|Any CPU
		{620A9B59-4B2F-4825-9584-7469E7D495DE}.Debug|Any CPU.Build.0 = Debug|Any CPU
		{620A9B59-4B2F-4825-9584-7469E7D495DE}.Release|Any CPU.ActiveCfg = Release|Any CPU
		{620A9B59-4B2F-4825-9584-7469E7D495DE}.Release|Any CPU.Build.0 = Release|Any CPU
	EndGlobalSection
	GlobalSection(SolutionProperties) = preSolution
		HideSolutionNode = FALSE
	EndGlobalSection
	GlobalSection(ExtensibilityGlobals) = postSolution
		SolutionGuid = {C37725A3-D7F4-49C9-B4FE-12908CCDD84C}
	EndGlobalSection
EndGlobal
